// !$*UTF8*$!
{
	archiveVersion = 1;
	classes = {
	};
	objectVersion = 50;
	objects = {

/* Begin PBXBuildFile section */
		246AB42D25AD3E41002DB24E /* SignInSignUpContent.swift in Sources */ = {isa = PBXBuildFile; fileRef = 246AB42C25AD3E41002DB24E /* SignInSignUpContent.swift */; };
		24EABAAC25AFB2000084BBE0 /* EditProfileContent.swift in Sources */ = {isa = PBXBuildFile; fileRef = 24EABAAB25AFB2000084BBE0 /* EditProfileContent.swift */; };
		24EABAAF25AFC5700084BBE0 /* ImagePicker.swift in Sources */ = {isa = PBXBuildFile; fileRef = 24EABAAE25AFC5700084BBE0 /* ImagePicker.swift */; };
		566BF9032594BFF3001EB646 /* DiscoveryScroll.swift in Sources */ = {isa = PBXBuildFile; fileRef = 566BF8FC2594BFF2001EB646 /* DiscoveryScroll.swift */; };
		566BF9042594BFF3001EB646 /* DiscoveryContent.swift in Sources */ = {isa = PBXBuildFile; fileRef = 566BF8FD2594BFF2001EB646 /* DiscoveryContent.swift */; };
		566BF9062594BFF3001EB646 /* SearchBar.swift in Sources */ = {isa = PBXBuildFile; fileRef = 566BF8FF2594BFF3001EB646 /* SearchBar.swift */; };
		566BF9072594BFF3001EB646 /* SearchList.swift in Sources */ = {isa = PBXBuildFile; fileRef = 566BF9002594BFF3001EB646 /* SearchList.swift */; };
		566BF9082594BFF3001EB646 /* DiscoveryCardTag.swift in Sources */ = {isa = PBXBuildFile; fileRef = 566BF9012594BFF3001EB646 /* DiscoveryCardTag.swift */; };
		566BF9092594BFF3001EB646 /* DataDiscovery.swift in Sources */ = {isa = PBXBuildFile; fileRef = 566BF9022594BFF3001EB646 /* DataDiscovery.swift */; };
		566BF9132594C090001EB646 /* ActivityContent.swift in Sources */ = {isa = PBXBuildFile; fileRef = 566BF9122594C090001EB646 /* ActivityContent.swift */; };
		566BF9162594C0A0001EB646 /* ProfileContent.swift in Sources */ = {isa = PBXBuildFile; fileRef = 566BF9152594C0A0001EB646 /* ProfileContent.swift */; };
		566BF9192594C0AC001EB646 /* AddNewContent.swift in Sources */ = {isa = PBXBuildFile; fileRef = 566BF9182594C0AC001EB646 /* AddNewContent.swift */; };
		566BF91C2594C0B7001EB646 /* LoginContent.swift in Sources */ = {isa = PBXBuildFile; fileRef = 566BF91B2594C0B7001EB646 /* LoginContent.swift */; };
		566BF91F2594C0C6001EB646 /* TabBar.swift in Sources */ = {isa = PBXBuildFile; fileRef = 566BF91E2594C0C6001EB646 /* TabBar.swift */; };
		566BF9282594C1AA001EB646 /* Lobster-Regular.ttf in Resources */ = {isa = PBXBuildFile; fileRef = 566BF9262594C1AA001EB646 /* Lobster-Regular.ttf */; };
		56F3CE1A2594B3AE004CBD64 /* AppDelegate.swift in Sources */ = {isa = PBXBuildFile; fileRef = 56F3CE192594B3AE004CBD64 /* AppDelegate.swift */; };
		56F3CE1C2594B3AE004CBD64 /* SceneDelegate.swift in Sources */ = {isa = PBXBuildFile; fileRef = 56F3CE1B2594B3AE004CBD64 /* SceneDelegate.swift */; };
		56F3CE202594B3B0004CBD64 /* Assets.xcassets in Resources */ = {isa = PBXBuildFile; fileRef = 56F3CE1F2594B3B0004CBD64 /* Assets.xcassets */; };
		56F3CE232594B3B0004CBD64 /* Preview Assets.xcassets in Resources */ = {isa = PBXBuildFile; fileRef = 56F3CE222594B3B0004CBD64 /* Preview Assets.xcassets */; };
		56F3CE262594B3B0004CBD64 /* LaunchScreen.storyboard in Resources */ = {isa = PBXBuildFile; fileRef = 56F3CE242594B3B0004CBD64 /* LaunchScreen.storyboard */; };
		56F3CE502594B6FE004CBD64 /* StoryView.swift in Sources */ = {isa = PBXBuildFile; fileRef = 56F3CE4B2594B6FE004CBD64 /* StoryView.swift */; };
		56F3CE512594B6FE004CBD64 /* DetailPost.swift in Sources */ = {isa = PBXBuildFile; fileRef = 56F3CE4C2594B6FE004CBD64 /* DetailPost.swift */; };
		56F3CE532594B6FE004CBD64 /* PostCell.swift in Sources */ = {isa = PBXBuildFile; fileRef = 56F3CE4E2594B6FE004CBD64 /* PostCell.swift */; };
		56F3CE542594B6FE004CBD64 /* StoryCell.swift in Sources */ = {isa = PBXBuildFile; fileRef = 56F3CE4F2594B6FE004CBD64 /* StoryCell.swift */; };
		72A5D357F4658D390A0D510F /* Pods_IntaClone.framework in Frameworks */ = {isa = PBXBuildFile; fileRef = D99160AE97A54EE901B8DDB1 /* Pods_IntaClone.framework */; };
/* End PBXBuildFile section */

/* Begin PBXFileReference section */
		246AB42C25AD3E41002DB24E /* SignInSignUpContent.swift */ = {isa = PBXFileReference; lastKnownFileType = sourcecode.swift; path = SignInSignUpContent.swift; sourceTree = "<group>"; };
		24EABAAB25AFB2000084BBE0 /* EditProfileContent.swift */ = {isa = PBXFileReference; lastKnownFileType = sourcecode.swift; path = EditProfileContent.swift; sourceTree = "<group>"; };
		24EABAAE25AFC5700084BBE0 /* ImagePicker.swift */ = {isa = PBXFileReference; lastKnownFileType = sourcecode.swift; path = ImagePicker.swift; sourceTree = "<group>"; };
		566BF8FC2594BFF2001EB646 /* DiscoveryScroll.swift */ = {isa = PBXFileReference; fileEncoding = 4; lastKnownFileType = sourcecode.swift; path = DiscoveryScroll.swift; sourceTree = "<group>"; };
		566BF8FD2594BFF2001EB646 /* DiscoveryContent.swift */ = {isa = PBXFileReference; fileEncoding = 4; lastKnownFileType = sourcecode.swift; path = DiscoveryContent.swift; sourceTree = "<group>"; };
		566BF8FF2594BFF3001EB646 /* SearchBar.swift */ = {isa = PBXFileReference; fileEncoding = 4; lastKnownFileType = sourcecode.swift; path = SearchBar.swift; sourceTree = "<group>"; };
		566BF9002594BFF3001EB646 /* SearchList.swift */ = {isa = PBXFileReference; fileEncoding = 4; lastKnownFileType = sourcecode.swift; path = SearchList.swift; sourceTree = "<group>"; };
		566BF9012594BFF3001EB646 /* DiscoveryCardTag.swift */ = {isa = PBXFileReference; fileEncoding = 4; lastKnownFileType = sourcecode.swift; path = DiscoveryCardTag.swift; sourceTree = "<group>"; };
		566BF9022594BFF3001EB646 /* DataDiscovery.swift */ = {isa = PBXFileReference; fileEncoding = 4; lastKnownFileType = sourcecode.swift; path = DataDiscovery.swift; sourceTree = "<group>"; };
		566BF9122594C090001EB646 /* ActivityContent.swift */ = {isa = PBXFileReference; fileEncoding = 4; lastKnownFileType = sourcecode.swift; path = ActivityContent.swift; sourceTree = "<group>"; };
		566BF9152594C0A0001EB646 /* ProfileContent.swift */ = {isa = PBXFileReference; fileEncoding = 4; lastKnownFileType = sourcecode.swift; path = ProfileContent.swift; sourceTree = "<group>"; };
		566BF9182594C0AC001EB646 /* AddNewContent.swift */ = {isa = PBXFileReference; fileEncoding = 4; lastKnownFileType = sourcecode.swift; path = AddNewContent.swift; sourceTree = "<group>"; };
		566BF91B2594C0B7001EB646 /* LoginContent.swift */ = {isa = PBXFileReference; fileEncoding = 4; lastKnownFileType = sourcecode.swift; path = LoginContent.swift; sourceTree = "<group>"; };
		566BF91E2594C0C6001EB646 /* TabBar.swift */ = {isa = PBXFileReference; fileEncoding = 4; lastKnownFileType = sourcecode.swift; path = TabBar.swift; sourceTree = "<group>"; };
		566BF9262594C1AA001EB646 /* Lobster-Regular.ttf */ = {isa = PBXFileReference; lastKnownFileType = file; path = "Lobster-Regular.ttf"; sourceTree = "<group>"; };
		56F3CE162594B3AE004CBD64 /* IntaClone.app */ = {isa = PBXFileReference; explicitFileType = wrapper.application; includeInIndex = 0; path = IntaClone.app; sourceTree = BUILT_PRODUCTS_DIR; };
		56F3CE192594B3AE004CBD64 /* AppDelegate.swift */ = {isa = PBXFileReference; lastKnownFileType = sourcecode.swift; path = AppDelegate.swift; sourceTree = "<group>"; };
		56F3CE1B2594B3AE004CBD64 /* SceneDelegate.swift */ = {isa = PBXFileReference; lastKnownFileType = sourcecode.swift; path = SceneDelegate.swift; sourceTree = "<group>"; };
		56F3CE1F2594B3B0004CBD64 /* Assets.xcassets */ = {isa = PBXFileReference; lastKnownFileType = folder.assetcatalog; path = Assets.xcassets; sourceTree = "<group>"; };
		56F3CE222594B3B0004CBD64 /* Preview Assets.xcassets */ = {isa = PBXFileReference; lastKnownFileType = folder.assetcatalog; path = "Preview Assets.xcassets"; sourceTree = "<group>"; };
		56F3CE252594B3B0004CBD64 /* Base */ = {isa = PBXFileReference; lastKnownFileType = file.storyboard; name = Base; path = Base.lproj/LaunchScreen.storyboard; sourceTree = "<group>"; };
		56F3CE272594B3B0004CBD64 /* Info.plist */ = {isa = PBXFileReference; lastKnownFileType = text.plist.xml; path = Info.plist; sourceTree = "<group>"; };
		56F3CE4B2594B6FE004CBD64 /* StoryView.swift */ = {isa = PBXFileReference; fileEncoding = 4; lastKnownFileType = sourcecode.swift; path = StoryView.swift; sourceTree = "<group>"; };
		56F3CE4C2594B6FE004CBD64 /* DetailPost.swift */ = {isa = PBXFileReference; fileEncoding = 4; lastKnownFileType = sourcecode.swift; path = DetailPost.swift; sourceTree = "<group>"; };
		56F3CE4E2594B6FE004CBD64 /* PostCell.swift */ = {isa = PBXFileReference; fileEncoding = 4; lastKnownFileType = sourcecode.swift; path = PostCell.swift; sourceTree = "<group>"; };
		56F3CE4F2594B6FE004CBD64 /* StoryCell.swift */ = {isa = PBXFileReference; fileEncoding = 4; lastKnownFileType = sourcecode.swift; path = StoryCell.swift; sourceTree = "<group>"; };
		5BF242624774774716C7530F /* Pods-IntaClone.debug.xcconfig */ = {isa = PBXFileReference; includeInIndex = 1; lastKnownFileType = text.xcconfig; name = "Pods-IntaClone.debug.xcconfig"; path = "Target Support Files/Pods-IntaClone/Pods-IntaClone.debug.xcconfig"; sourceTree = "<group>"; };
		D99160AE97A54EE901B8DDB1 /* Pods_IntaClone.framework */ = {isa = PBXFileReference; explicitFileType = wrapper.framework; includeInIndex = 0; path = Pods_IntaClone.framework; sourceTree = BUILT_PRODUCTS_DIR; };
		E7FF99BC9B879266832CD45A /* Pods-IntaClone.release.xcconfig */ = {isa = PBXFileReference; includeInIndex = 1; lastKnownFileType = text.xcconfig; name = "Pods-IntaClone.release.xcconfig"; path = "Target Support Files/Pods-IntaClone/Pods-IntaClone.release.xcconfig"; sourceTree = "<group>"; };
/* End PBXFileReference section */

/* Begin PBXFrameworksBuildPhase section */
		56F3CE132594B3AE004CBD64 /* Frameworks */ = {
			isa = PBXFrameworksBuildPhase;
			buildActionMask = 2147483647;
			files = (
				72A5D357F4658D390A0D510F /* Pods_IntaClone.framework in Frameworks */,
			);
			runOnlyForDeploymentPostprocessing = 0;
		};
/* End PBXFrameworksBuildPhase section */

/* Begin PBXGroup section */
		566BF90E2594C034001EB646 /* DiscoverPage */ = {
			isa = PBXGroup;
			children = (
				566BF9022594BFF3001EB646 /* DataDiscovery.swift */,
				566BF9012594BFF3001EB646 /* DiscoveryCardTag.swift */,
				566BF8FD2594BFF2001EB646 /* DiscoveryContent.swift */,
				566BF8FC2594BFF2001EB646 /* DiscoveryScroll.swift */,
				566BF8FF2594BFF3001EB646 /* SearchBar.swift */,
				566BF9002594BFF3001EB646 /* SearchList.swift */,
			);
			path = DiscoverPage;
			sourceTree = "<group>";
		};
		566BF9242594C1AA001EB646 /* Font */ = {
			isa = PBXGroup;
			children = (
				566BF9262594C1AA001EB646 /* Lobster-Regular.ttf */,
			);
			path = Font;
			sourceTree = "<group>";
		};
		56F3CE0D2594B3AE004CBD64 = {
			isa = PBXGroup;
			children = (
				56F3CE182594B3AE004CBD64 /* IntaClone */,
				56F3CE172594B3AE004CBD64 /* Products */,
				C2ED86A422BD4B38219D1BE8 /* Pods */,
				5BD2874B2376CE1DBB91B5FA /* Frameworks */,
			);
			sourceTree = "<group>";
		};
		56F3CE172594B3AE004CBD64 /* Products */ = {
			isa = PBXGroup;
			children = (
				56F3CE162594B3AE004CBD64 /* IntaClone.app */,
			);
			name = Products;
			sourceTree = "<group>";
		};
		56F3CE182594B3AE004CBD64 /* IntaClone */ = {
			isa = PBXGroup;
			children = (
				566BF91E2594C0C6001EB646 /* TabBar.swift */,
				566BF91B2594C0B7001EB646 /* LoginContent.swift */,
				566BF9182594C0AC001EB646 /* AddNewContent.swift */,
				566BF9152594C0A0001EB646 /* ProfileContent.swift */,
				566BF9122594C090001EB646 /* ActivityContent.swift */,
				566BF90E2594C034001EB646 /* DiscoverPage */,
				56F3CE582594B723004CBD64 /* HomePage */,
				56F3CE192594B3AE004CBD64 /* AppDelegate.swift */,
				56F3CE1B2594B3AE004CBD64 /* SceneDelegate.swift */,
				56F3CE1F2594B3B0004CBD64 /* Assets.xcassets */,
				566BF9242594C1AA001EB646 /* Font */,
				56F3CE242594B3B0004CBD64 /* LaunchScreen.storyboard */,
				56F3CE272594B3B0004CBD64 /* Info.plist */,
				56F3CE212594B3B0004CBD64 /* Preview Content */,
				246AB42C25AD3E41002DB24E /* SignInSignUpContent.swift */,
				24EABAAB25AFB2000084BBE0 /* EditProfileContent.swift */,
				24EABAAE25AFC5700084BBE0 /* ImagePicker.swift */,
			);
			path = IntaClone;
			sourceTree = "<group>";
		};
		56F3CE212594B3B0004CBD64 /* Preview Content */ = {
			isa = PBXGroup;
			children = (
				56F3CE222594B3B0004CBD64 /* Preview Assets.xcassets */,
			);
			path = "Preview Content";
			sourceTree = "<group>";
		};
		56F3CE582594B723004CBD64 /* HomePage */ = {
			isa = PBXGroup;
			children = (
				56F3CE4C2594B6FE004CBD64 /* DetailPost.swift */,
				56F3CE4E2594B6FE004CBD64 /* PostCell.swift */,
				56F3CE4F2594B6FE004CBD64 /* StoryCell.swift */,
				56F3CE4B2594B6FE004CBD64 /* StoryView.swift */,
			);
			path = HomePage;
			sourceTree = "<group>";
		};
		5BD2874B2376CE1DBB91B5FA /* Frameworks */ = {
			isa = PBXGroup;
			children = (
				D99160AE97A54EE901B8DDB1 /* Pods_IntaClone.framework */,
			);
			name = Frameworks;
			sourceTree = "<group>";
		};
		C2ED86A422BD4B38219D1BE8 /* Pods */ = {
			isa = PBXGroup;
			children = (
				5BF242624774774716C7530F /* Pods-IntaClone.debug.xcconfig */,
				E7FF99BC9B879266832CD45A /* Pods-IntaClone.release.xcconfig */,
			);
			name = Pods;
			path = Pods;
			sourceTree = "<group>";
		};
/* End PBXGroup section */

/* Begin PBXNativeTarget section */
		56F3CE152594B3AE004CBD64 /* IntaClone */ = {
			isa = PBXNativeTarget;
			buildConfigurationList = 56F3CE2A2594B3B0004CBD64 /* Build configuration list for PBXNativeTarget "IntaClone" */;
			buildPhases = (
				8DB82D1656110F12346FEE25 /* [CP] Check Pods Manifest.lock */,
				56F3CE122594B3AE004CBD64 /* Sources */,
				56F3CE132594B3AE004CBD64 /* Frameworks */,
				56F3CE142594B3AE004CBD64 /* Resources */,
				F6B85C8D0DEEB65053E26CDE /* [CP] Embed Pods Frameworks */,
				A5A228F476D2BBE2F3C4211C /* [CP] Copy Pods Resources */,
			);
			buildRules = (
			);
			dependencies = (
			);
			name = IntaClone;
			productName = IntaClone;
			productReference = 56F3CE162594B3AE004CBD64 /* IntaClone.app */;
			productType = "com.apple.product-type.application";
		};
/* End PBXNativeTarget section */

/* Begin PBXProject section */
		56F3CE0E2594B3AE004CBD64 /* Project object */ = {
			isa = PBXProject;
			attributes = {
				LastSwiftUpdateCheck = 1230;
				LastUpgradeCheck = 1230;
				TargetAttributes = {
					56F3CE152594B3AE004CBD64 = {
						CreatedOnToolsVersion = 12.3;
					};
				};
			};
			buildConfigurationList = 56F3CE112594B3AE004CBD64 /* Build configuration list for PBXProject "IntaClone" */;
			compatibilityVersion = "Xcode 9.3";
			developmentRegion = en;
			hasScannedForEncodings = 0;
			knownRegions = (
				en,
				Base,
			);
			mainGroup = 56F3CE0D2594B3AE004CBD64;
			productRefGroup = 56F3CE172594B3AE004CBD64 /* Products */;
			projectDirPath = "";
			projectRoot = "";
			targets = (
				56F3CE152594B3AE004CBD64 /* IntaClone */,
			);
		};
/* End PBXProject section */

/* Begin PBXResourcesBuildPhase section */
		56F3CE142594B3AE004CBD64 /* Resources */ = {
			isa = PBXResourcesBuildPhase;
			buildActionMask = 2147483647;
			files = (
				566BF9282594C1AA001EB646 /* Lobster-Regular.ttf in Resources */,
				56F3CE262594B3B0004CBD64 /* LaunchScreen.storyboard in Resources */,
				56F3CE232594B3B0004CBD64 /* Preview Assets.xcassets in Resources */,
				56F3CE202594B3B0004CBD64 /* Assets.xcassets in Resources */,
			);
			runOnlyForDeploymentPostprocessing = 0;
		};
/* End PBXResourcesBuildPhase section */

/* Begin PBXShellScriptBuildPhase section */
		8DB82D1656110F12346FEE25 /* [CP] Check Pods Manifest.lock */ = {
			isa = PBXShellScriptBuildPhase;
			buildActionMask = 2147483647;
			files = (
			);
			inputFileListPaths = (
			);
			inputPaths = (
				"${PODS_PODFILE_DIR_PATH}/Podfile.lock",
				"${PODS_ROOT}/Manifest.lock",
			);
			name = "[CP] Check Pods Manifest.lock";
			outputFileListPaths = (
			);
			outputPaths = (
				"$(DERIVED_FILE_DIR)/Pods-IntaClone-checkManifestLockResult.txt",
			);
			runOnlyForDeploymentPostprocessing = 0;
			shellPath = /bin/sh;
			shellScript = "diff \"${PODS_PODFILE_DIR_PATH}/Podfile.lock\" \"${PODS_ROOT}/Manifest.lock\" > /dev/null\nif [ $? != 0 ] ; then\n    # print error to STDERR\n    echo \"error: The sandbox is not in sync with the Podfile.lock. Run 'pod install' or update your CocoaPods installation.\" >&2\n    exit 1\nfi\n# This output is used by Xcode 'outputs' to avoid re-running this script phase.\necho \"SUCCESS\" > \"${SCRIPT_OUTPUT_FILE_0}\"\n";
			showEnvVarsInLog = 0;
		};
		A5A228F476D2BBE2F3C4211C /* [CP] Copy Pods Resources */ = {
			isa = PBXShellScriptBuildPhase;
			buildActionMask = 2147483647;
			files = (
			);
			inputFileListPaths = (
				"${PODS_ROOT}/Target Support Files/Pods-IntaClone/Pods-IntaClone-resources-${CONFIGURATION}-input-files.xcfilelist",
			);
			name = "[CP] Copy Pods Resources";
			outputFileListPaths = (
				"${PODS_ROOT}/Target Support Files/Pods-IntaClone/Pods-IntaClone-resources-${CONFIGURATION}-output-files.xcfilelist",
			);
			runOnlyForDeploymentPostprocessing = 0;
			shellPath = /bin/sh;
			shellScript = "\"${PODS_ROOT}/Target Support Files/Pods-IntaClone/Pods-IntaClone-resources.sh\"\n";
			showEnvVarsInLog = 0;
		};
		F6B85C8D0DEEB65053E26CDE /* [CP] Embed Pods Frameworks */ = {
			isa = PBXShellScriptBuildPhase;
			buildActionMask = 2147483647;
			files = (
			);
			inputFileListPaths = (
				"${PODS_ROOT}/Target Support Files/Pods-IntaClone/Pods-IntaClone-frameworks-${CONFIGURATION}-input-files.xcfilelist",
			);
			name = "[CP] Embed Pods Frameworks";
			outputFileListPaths = (
				"${PODS_ROOT}/Target Support Files/Pods-IntaClone/Pods-IntaClone-frameworks-${CONFIGURATION}-output-files.xcfilelist",
			);
			runOnlyForDeploymentPostprocessing = 0;
			shellPath = /bin/sh;
			shellScript = "\"${PODS_ROOT}/Target Support Files/Pods-IntaClone/Pods-IntaClone-frameworks.sh\"\n";
			showEnvVarsInLog = 0;
		};
/* End PBXShellScriptBuildPhase section */

/* Begin PBXSourcesBuildPhase section */
		56F3CE122594B3AE004CBD64 /* Sources */ = {
			isa = PBXSourcesBuildPhase;
			buildActionMask = 2147483647;
			files = (
				566BF9162594C0A0001EB646 /* ProfileContent.swift in Sources */,
				56F3CE512594B6FE004CBD64 /* DetailPost.swift in Sources */,
				56F3CE502594B6FE004CBD64 /* StoryView.swift in Sources */,
				566BF9132594C090001EB646 /* ActivityContent.swift in Sources */,
				56F3CE1A2594B3AE004CBD64 /* AppDelegate.swift in Sources */,
				56F3CE542594B6FE004CBD64 /* StoryCell.swift in Sources */,
				566BF9062594BFF3001EB646 /* SearchBar.swift in Sources */,
				566BF9092594BFF3001EB646 /* DataDiscovery.swift in Sources */,
				566BF91F2594C0C6001EB646 /* TabBar.swift in Sources */,
				566BF9032594BFF3001EB646 /* DiscoveryScroll.swift in Sources */,
				566BF9072594BFF3001EB646 /* SearchList.swift in Sources */,
				566BF9082594BFF3001EB646 /* DiscoveryCardTag.swift in Sources */,
				566BF9192594C0AC001EB646 /* AddNewContent.swift in Sources */,
				566BF9042594BFF3001EB646 /* DiscoveryContent.swift in Sources */,
				566BF91C2594C0B7001EB646 /* LoginContent.swift in Sources */,
				246AB42D25AD3E41002DB24E /* SignInSignUpContent.swift in Sources */,
				56F3CE1C2594B3AE004CBD64 /* SceneDelegate.swift in Sources */,
				24EABAAF25AFC5700084BBE0 /* ImagePicker.swift in Sources */,
				56F3CE532594B6FE004CBD64 /* PostCell.swift in Sources */,
				24EABAAC25AFB2000084BBE0 /* EditProfileContent.swift in Sources */,
			);
			runOnlyForDeploymentPostprocessing = 0;
		};
/* End PBXSourcesBuildPhase section */

/* Begin PBXVariantGroup section */
		56F3CE242594B3B0004CBD64 /* LaunchScreen.storyboard */ = {
			isa = PBXVariantGroup;
			children = (
				56F3CE252594B3B0004CBD64 /* Base */,
			);
			name = LaunchScreen.storyboard;
			sourceTree = "<group>";
		};
/* End PBXVariantGroup section */

/* Begin XCBuildConfiguration section */
		56F3CE282594B3B0004CBD64 /* Debug */ = {
			isa = XCBuildConfiguration;
			buildSettings = {
				ALWAYS_SEARCH_USER_PATHS = NO;
				CLANG_ANALYZER_NONNULL = YES;
				CLANG_ANALYZER_NUMBER_OBJECT_CONVERSION = YES_AGGRESSIVE;
				CLANG_CXX_LANGUAGE_STANDARD = "gnu++14";
				CLANG_CXX_LIBRARY = "libc++";
				CLANG_ENABLE_MODULES = YES;
				CLANG_ENABLE_OBJC_ARC = YES;
				CLANG_ENABLE_OBJC_WEAK = YES;
				CLANG_WARN_BLOCK_CAPTURE_AUTORELEASING = YES;
				CLANG_WARN_BOOL_CONVERSION = YES;
				CLANG_WARN_COMMA = YES;
				CLANG_WARN_CONSTANT_CONVERSION = YES;
				CLANG_WARN_DEPRECATED_OBJC_IMPLEMENTATIONS = YES;
				CLANG_WARN_DIRECT_OBJC_ISA_USAGE = YES_ERROR;
				CLANG_WARN_DOCUMENTATION_COMMENTS = YES;
				CLANG_WARN_EMPTY_BODY = YES;
				CLANG_WARN_ENUM_CONVERSION = YES;
				CLANG_WARN_INFINITE_RECURSION = YES;
				CLANG_WARN_INT_CONVERSION = YES;
				CLANG_WARN_NON_LITERAL_NULL_CONVERSION = YES;
				CLANG_WARN_OBJC_IMPLICIT_RETAIN_SELF = YES;
				CLANG_WARN_OBJC_LITERAL_CONVERSION = YES;
				CLANG_WARN_OBJC_ROOT_CLASS = YES_ERROR;
				CLANG_WARN_QUOTED_INCLUDE_IN_FRAMEWORK_HEADER = YES;
				CLANG_WARN_RANGE_LOOP_ANALYSIS = YES;
				CLANG_WARN_STRICT_PROTOTYPES = YES;
				CLANG_WARN_SUSPICIOUS_MOVE = YES;
				CLANG_WARN_UNGUARDED_AVAILABILITY = YES_AGGRESSIVE;
				CLANG_WARN_UNREACHABLE_CODE = YES;
				CLANG_WARN__DUPLICATE_METHOD_MATCH = YES;
				COPY_PHASE_STRIP = NO;
				DEBUG_INFORMATION_FORMAT = dwarf;
				ENABLE_STRICT_OBJC_MSGSEND = YES;
				ENABLE_TESTABILITY = YES;
				GCC_C_LANGUAGE_STANDARD = gnu11;
				GCC_DYNAMIC_NO_PIC = NO;
				GCC_NO_COMMON_BLOCKS = YES;
				GCC_OPTIMIZATION_LEVEL = 0;
				GCC_PREPROCESSOR_DEFINITIONS = (
					"DEBUG=1",
					"$(inherited)",
				);
				GCC_WARN_64_TO_32_BIT_CONVERSION = YES;
				GCC_WARN_ABOUT_RETURN_TYPE = YES_ERROR;
				GCC_WARN_UNDECLARED_SELECTOR = YES;
				GCC_WARN_UNINITIALIZED_AUTOS = YES_AGGRESSIVE;
				GCC_WARN_UNUSED_FUNCTION = YES;
				GCC_WARN_UNUSED_VARIABLE = YES;
				IPHONEOS_DEPLOYMENT_TARGET = 14.3;
				MTL_ENABLE_DEBUG_INFO = INCLUDE_SOURCE;
				MTL_FAST_MATH = YES;
				ONLY_ACTIVE_ARCH = YES;
				SDKROOT = iphoneos;
				SWIFT_ACTIVE_COMPILATION_CONDITIONS = DEBUG;
				SWIFT_OPTIMIZATION_LEVEL = "-Onone";
			};
			name = Debug;
		};
		56F3CE292594B3B0004CBD64 /* Release */ = {
			isa = XCBuildConfiguration;
			buildSettings = {
				ALWAYS_SEARCH_USER_PATHS = NO;
				CLANG_ANALYZER_NONNULL = YES;
				CLANG_ANALYZER_NUMBER_OBJECT_CONVERSION = YES_AGGRESSIVE;
				CLANG_CXX_LANGUAGE_STANDARD = "gnu++14";
				CLANG_CXX_LIBRARY = "libc++";
				CLANG_ENABLE_MODULES = YES;
				CLANG_ENABLE_OBJC_ARC = YES;
				CLANG_ENABLE_OBJC_WEAK = YES;
				CLANG_WARN_BLOCK_CAPTURE_AUTORELEASING = YES;
				CLANG_WARN_BOOL_CONVERSION = YES;
				CLANG_WARN_COMMA = YES;
				CLANG_WARN_CONSTANT_CONVERSION = YES;
				CLANG_WARN_DEPRECATED_OBJC_IMPLEMENTATIONS = YES;
				CLANG_WARN_DIRECT_OBJC_ISA_USAGE = YES_ERROR;
				CLANG_WARN_DOCUMENTATION_COMMENTS = YES;
				CLANG_WARN_EMPTY_BODY = YES;
				CLANG_WARN_ENUM_CONVERSION = YES;
				CLANG_WARN_INFINITE_RECURSION = YES;
				CLANG_WARN_INT_CONVERSION = YES;
				CLANG_WARN_NON_LITERAL_NULL_CONVERSION = YES;
				CLANG_WARN_OBJC_IMPLICIT_RETAIN_SELF = YES;
				CLANG_WARN_OBJC_LITERAL_CONVERSION = YES;
				CLANG_WARN_OBJC_ROOT_CLASS = YES_ERROR;
				CLANG_WARN_QUOTED_INCLUDE_IN_FRAMEWORK_HEADER = YES;
				CLANG_WARN_RANGE_LOOP_ANALYSIS = YES;
				CLANG_WARN_STRICT_PROTOTYPES = YES;
				CLANG_WARN_SUSPICIOUS_MOVE = YES;
				CLANG_WARN_UNGUARDED_AVAILABILITY = YES_AGGRESSIVE;
				CLANG_WARN_UNREACHABLE_CODE = YES;
				CLANG_WARN__DUPLICATE_METHOD_MATCH = YES;
				COPY_PHASE_STRIP = NO;
				DEBUG_INFORMATION_FORMAT = "dwarf-with-dsym";
				ENABLE_NS_ASSERTIONS = NO;
				ENABLE_STRICT_OBJC_MSGSEND = YES;
				GCC_C_LANGUAGE_STANDARD = gnu11;
				GCC_NO_COMMON_BLOCKS = YES;
				GCC_WARN_64_TO_32_BIT_CONVERSION = YES;
				GCC_WARN_ABOUT_RETURN_TYPE = YES_ERROR;
				GCC_WARN_UNDECLARED_SELECTOR = YES;
				GCC_WARN_UNINITIALIZED_AUTOS = YES_AGGRESSIVE;
				GCC_WARN_UNUSED_FUNCTION = YES;
				GCC_WARN_UNUSED_VARIABLE = YES;
				IPHONEOS_DEPLOYMENT_TARGET = 14.3;
				MTL_ENABLE_DEBUG_INFO = NO;
				MTL_FAST_MATH = YES;
				SDKROOT = iphoneos;
				SWIFT_COMPILATION_MODE = wholemodule;
				SWIFT_OPTIMIZATION_LEVEL = "-O";
				VALIDATE_PRODUCT = YES;
			};
			name = Release;
		};
		56F3CE2B2594B3B0004CBD64 /* Debug */ = {
			isa = XCBuildConfiguration;
			baseConfigurationReference = 5BF242624774774716C7530F /* Pods-IntaClone.debug.xcconfig */;
			buildSettings = {
				ASSETCATALOG_COMPILER_APPICON_NAME = AppIcon;
				ASSETCATALOG_COMPILER_GLOBAL_ACCENT_COLOR_NAME = AccentColor;
				CODE_SIGN_STYLE = Automatic;
				DEVELOPMENT_ASSET_PATHS = "\"IntaClone/Preview Content\"";
				DEVELOPMENT_TEAM = WG2CSK887U;
				ENABLE_PREVIEWS = YES;
				INFOPLIST_FILE = IntaClone/Info.plist;
				IPHONEOS_DEPLOYMENT_TARGET = 14.0;
				LD_RUNPATH_SEARCH_PATHS = (
					"$(inherited)",
					"@executable_path/Frameworks",
				);
				PRODUCT_BUNDLE_IDENTIFIER = pnvanh.Inta;
				PRODUCT_NAME = "$(TARGET_NAME)";
				SWIFT_VERSION = 5.0;
				TARGETED_DEVICE_FAMILY = "1,2";
			};
			name = Debug;
		};
		56F3CE2C2594B3B0004CBD64 /* Release */ = {
			isa = XCBuildConfiguration;
			baseConfigurationReference = E7FF99BC9B879266832CD45A /* Pods-IntaClone.release.xcconfig */;
			buildSettings = {
				ASSETCATALOG_COMPILER_APPICON_NAME = AppIcon;
				ASSETCATALOG_COMPILER_GLOBAL_ACCENT_COLOR_NAME = AccentColor;
				CODE_SIGN_STYLE = Automatic;
				DEVELOPMENT_ASSET_PATHS = "\"IntaClone/Preview Content\"";
				DEVELOPMENT_TEAM = WG2CSK887U;
				ENABLE_PREVIEWS = YES;
				INFOPLIST_FILE = IntaClone/Info.plist;
				IPHONEOS_DEPLOYMENT_TARGET = 14.0;
				LD_RUNPATH_SEARCH_PATHS = (
					"$(inherited)",
					"@executable_path/Frameworks",
				);
				PRODUCT_BUNDLE_IDENTIFIER = pnvanh.Inta;
				PRODUCT_NAME = "$(TARGET_NAME)";
				SWIFT_VERSION = 5.0;
				TARGETED_DEVICE_FAMILY = "1,2";
			};
			name = Release;
		};
/* End XCBuildConfiguration section */

/* Begin XCConfigurationList section */
		56F3CE112594B3AE004CBD64 /* Build configuration list for PBXProject "IntaClone" */ = {
			isa = XCConfigurationList;
			buildConfigurations = (
				56F3CE282594B3B0004CBD64 /* Debug */,
				56F3CE292594B3B0004CBD64 /* Release */,
			);
			defaultConfigurationIsVisible = 0;
			defaultConfigurationName = Release;
		};
		56F3CE2A2594B3B0004CBD64 /* Build configuration list for PBXNativeTarget "IntaClone" */ = {
			isa = XCConfigurationList;
			buildConfigurations = (
				56F3CE2B2594B3B0004CBD64 /* Debug */,
				56F3CE2C2594B3B0004CBD64 /* Release */,
			);
			defaultConfigurationIsVisible = 0;
			defaultConfigurationName = Release;
		};
/* End XCConfigurationList section */
	};
	rootObject = 56F3CE0E2594B3AE004CBD64 /* Project object */;
}
